
Microsoft Visual Studio Solution File, Format Version 12.00
# Visual Studio 15
VisualStudioVersion = 15.0.27130.2010
MinimumVisualStudioVersion = 10.0.40219.1
Project("{FAE04EC0-301F-11D3-BF4B-00C04F79EFBC}") = "GocBepDDA", "GocBepDDA\GocBepDDA.csproj", "{D888B317-02F3-4842-827B-43EE86CC05ED}"
EndProject
Global
	GlobalSection(SolutionConfigurationPlatforms) = preSolution
		Debug|Any CPU = Debug|Any CPU
		Release|Any CPU = Release|Any CPU
	EndGlobalSection
	GlobalSection(ProjectConfigurationPlatforms) = postSolution
		{D888B317-02F3-4842-827B-43EE86CC05ED}.Debug|Any CPU.ActiveCfg = Debug|Any CPU
		{D888B317-02F3-4842-827B-43EE86CC05ED}.Debug|Any CPU.Build.0 = Debug|Any CPU
		{D888B317-02F3-4842-827B-43EE86CC05ED}.Release|Any CPU.ActiveCfg = Release|Any CPU
		{D888B317-02F3-4842-827B-43EE86CC05ED}.Release|Any CPU.Build.0 = Release|Any CPU
	EndGlobalSection
	GlobalSection(SolutionProperties) = preSolution
		HideSolutionNode = FALSE
	EndGlobalSection
	GlobalSection(ExtensibilityGlobals) = postSolution
		SolutionGuid = {1ED8A975-9DFF-4FF2-8592-6543018185BE}
	EndGlobalSection
EndGlobal
